
Microsoft Visual Studio Solution File, Format Version 12.00
# Visual Studio Version 17
VisualStudioVersion = 17.14.36221.1 d17.14
MinimumVisualStudioVersion = 10.0.40219.1
Project("{FAE04EC0-301F-11D3-BF4B-00C04F79EFBC}") = "CyberLab3", "CyberLab3\CyberLab3.csproj", "{AD8EC5CE-B8F6-4288-8F83-32E6431D5AA5}"
EndProject
Global
	GlobalSection(SolutionConfigurationPlatforms) = preSolution
		Debug|Any CPU = Debug|Any CPU
		Release|Any CPU = Release|Any CPU
	EndGlobalSection
	GlobalSection(ProjectConfigurationPlatforms) = postSolution
		{AD8EC5CE-B8F6-4288-8F83-32E6431D5AA5}.Debug|Any CPU.ActiveCfg = Debug|Any CPU
		{AD8EC5CE-B8F6-4288-8F83-32E6431D5AA5}.Debug|Any CPU.Build.0 = Debug|Any CPU
		{AD8EC5CE-B8F6-4288-8F83-32E6431D5AA5}.Release|Any CPU.ActiveCfg = Release|Any CPU
		{AD8EC5CE-B8F6-4288-8F83-32E6431D5AA5}.Release|Any CPU.Build.0 = Release|Any CPU
	EndGlobalSection
	GlobalSection(SolutionProperties) = preSolution
		HideSolutionNode = FALSE
	EndGlobalSection
	GlobalSection(ExtensibilityGlobals) = postSolution
		SolutionGuid = {01F6A159-5D7A-43C1-A24E-E25C5333D61E}
	EndGlobalSection
EndGlobal
